
Microsoft Visual Studio Solution File, Format Version 12.00
# Visual Studio Version 17
VisualStudioVersion = 17.11.35327.3
MinimumVisualStudioVersion = 10.0.40219.1
Project("{FAE04EC0-301F-11D3-BF4B-00C04F79EFBC}") = "mscloudwebapp", "mscloudwebapp.csproj", "{199AE8C1-2764-413F-8D23-B332FEDAECAA}"
EndProject
Global
	GlobalSection(SolutionConfigurationPlatforms) = preSolution
		Debug|Any CPU = Debug|Any CPU
		Release|Any CPU = Release|Any CPU
	EndGlobalSection
	GlobalSection(ProjectConfigurationPlatforms) = postSolution
		{199AE8C1-2764-413F-8D23-B332FEDAECAA}.Debug|Any CPU.ActiveCfg = Debug|Any CPU
		{199AE8C1-2764-413F-8D23-B332FEDAECAA}.Debug|Any CPU.Build.0 = Debug|Any CPU
		{199AE8C1-2764-413F-8D23-B332FEDAECAA}.Release|Any CPU.ActiveCfg = Release|Any CPU
		{199AE8C1-2764-413F-8D23-B332FEDAECAA}.Release|Any CPU.Build.0 = Release|Any CPU
	EndGlobalSection
	GlobalSection(SolutionProperties) = preSolution
		HideSolutionNode = FALSE
	EndGlobalSection
	GlobalSection(ExtensibilityGlobals) = postSolution
		SolutionGuid = {4A24A98F-5EF8-4DD9-BB3B-9C385642F962}
	EndGlobalSection
EndGlobal
